{
  "name": "trybun",
  "lockfileVersion": 2,
  "requires": true,
  "packages": {
    "": {
      "dependencies": {
        "@prisma/client": "^4.0.0",
        "prisma": "^4.0.0"
      },
      "devDependencies": {
        "bun-types": "^0.1.3"
      }
    },
    "node_modules/@prisma/client": {
      "version": "4.0.0",
      "resolved": "https://registry.npmjs.org/@prisma/client/-/client-4.0.0.tgz",
      "integrity": "sha512-g1h2OGoRo7anBVQ9Cw3gsbjwPtvf7i0pkGxKeZICtwkvE5CZXW+xZF4FZdmrViYkKaAShbISL0teNpu9ecpf4g==",
      "hasInstallScript": true,
      "dependencies": {
        "@prisma/engines-version": "3.16.0-49.da41d2bb3406da22087b849f0e911199ba4fbf11"
      },
      "engines": {
        "node": ">=14.17"
      },
      "peerDependencies": {
        "prisma": "*"
      },
      "peerDependenciesMeta": {
        "prisma": {
          "optional": true
        }
      }
    },
    "node_modules/@prisma/engines": {
      "version": "3.16.0-49.da41d2bb3406da22087b849f0e911199ba4fbf11",
      "hasInstallScript": true,
      "license": "Apache-2.0"
    },
    "node_modules/@prisma/engines-version": {
      "version": "3.16.0-49.da41d2bb3406da22087b849f0e911199ba4fbf11",
      "resolved": "https://registry.npmjs.org/@prisma/engines-version/-/engines-version-3.16.0-49.da41d2bb3406da22087b849f0e911199ba4fbf11.tgz",
      "integrity": "sha512-PiZhdD624SrYEjyLboI0X7OugNbxUzDJx9v/6ldTKuqNDVUCmRH/Z00XwDi/dgM4FlqOSO+YiUsSiSKjxxG8cw=="
    },
    "node_modules/bun-types": {
      "version": "0.1.3",
      "dev": true
    },
    "node_modules/prisma": {
      "version": "4.0.0",
      "hasInstallScript": true,
      "license": "Apache-2.0",
      "dependencies": {
        "@prisma/engines": "3.16.0-49.da41d2bb3406da22087b849f0e911199ba4fbf11"
      },
      "bin": {
        "prisma": "build/index.js",
        "prisma2": "build/index.js"
      },
      "engines": {
        "node": ">=14.17"
      }
    }
  },
  "dependencies": {
    "@prisma/client": {
      "version": "4.0.0",
      "resolved": "https://registry.npmjs.org/@prisma/client/-/client-4.0.0.tgz",
      "integrity": "sha512-g1h2OGoRo7anBVQ9Cw3gsbjwPtvf7i0pkGxKeZICtwkvE5CZXW+xZF4FZdmrViYkKaAShbISL0teNpu9ecpf4g==",
      "requires": {
        "@prisma/engines-version": "3.16.0-49.da41d2bb3406da22087b849f0e911199ba4fbf11"
      }
    },
    "@prisma/engines": {
      "version": "3.16.0-49.da41d2bb3406da22087b849f0e911199ba4fbf11"
    },
    "@prisma/engines-version": {
      "version": "3.16.0-49.da41d2bb3406da22087b849f0e911199ba4fbf11",
      "resolved": "https://registry.npmjs.org/@prisma/engines-version/-/engines-version-3.16.0-49.da41d2bb3406da22087b849f0e911199ba4fbf11.tgz",
      "integrity": "sha512-PiZhdD624SrYEjyLboI0X7OugNbxUzDJx9v/6ldTKuqNDVUCmRH/Z00XwDi/dgM4FlqOSO+YiUsSiSKjxxG8cw=="
    },
    "bun-types": {
      "version": "0.1.3",
      "dev": true
    },
    "prisma": {
      "version": "4.0.0",
      "requires": {
        "@prisma/engines": "3.16.0-49.da41d2bb3406da22087b849f0e911199ba4fbf11"
      }
    }
  }
}
